
Microsoft Visual Studio Solution File, Format Version 12.00
Project("{FAE04EC0-301F-11D3-BF4B-00C04F79EFBC}") = "StrupatForm", "StrupatForm\StrupatForm.csproj", "{05632213-72D5-4290-BD89-201875DF3CB5}"
EndProject
Project("{FAE04EC0-301F-11D3-BF4B-00C04F79EFBC}") = "Tests", "Tests\Tests.csproj", "{52B8D500-3B56-4E33-8996-31CE577DA8BF}"
EndProject
Project("{FAE04EC0-301F-11D3-BF4B-00C04F79EFBC}") = "Csv", "Csv\Csv.csproj", "{90989BBD-2F81-4880-837D-A8576638FD5C}"
EndProject
Project("{FAE04EC0-301F-11D3-BF4B-00C04F79EFBC}") = "ParserGenerator", "ParserGenerator\ParserGenerator\ParserGenerator.csproj", "{0B1EC989-4411-43CA-8917-6B581202D6BA}"
EndProject
Project("{FAE04EC0-301F-11D3-BF4B-00C04F79EFBC}") = "ParserGenerator.Sample", "ParserGenerator\ParserGenerator.Sample\ParserGenerator.Sample.csproj", "{F7710A33-2CF8-4395-9CCB-A53E081BD222}"
EndProject
Project("{FAE04EC0-301F-11D3-BF4B-00C04F79EFBC}") = "ParserGenerator.Tests", "ParserGenerator\ParserGenerator.Tests\ParserGenerator.Tests.csproj", "{33CF2390-B12C-4CAF-8D4D-31E95D36D529}"
EndProject
Project("{FAE04EC0-301F-11D3-BF4B-00C04F79EFBC}") = "Grammar", "Grammar\Grammar.csproj", "{B2BF0182-0AF1-45E6-86B4-BC1680193499}"
EndProject
Project("{FAE04EC0-301F-11D3-BF4B-00C04F79EFBC}") = "BuildTask", "BuildTask\BuildTask.csproj", "{5262A5D7-E2F5-4C39-9C40-665923C23A29}"
EndProject
Project("{FAE04EC0-301F-11D3-BF4B-00C04F79EFBC}") = "BuildTask.Sample", "BuildTask.Sample\BuildTask.Sample.csproj", "{7E4DFFAC-76EE-43BE-A13C-4E08D516B36F}"
EndProject
Global
	GlobalSection(SolutionConfigurationPlatforms) = preSolution
		Debug|Any CPU = Debug|Any CPU
		Release|Any CPU = Release|Any CPU
	EndGlobalSection
	GlobalSection(ProjectConfigurationPlatforms) = postSolution
		{05632213-72D5-4290-BD89-201875DF3CB5}.Debug|Any CPU.ActiveCfg = Debug|Any CPU
		{05632213-72D5-4290-BD89-201875DF3CB5}.Debug|Any CPU.Build.0 = Debug|Any CPU
		{05632213-72D5-4290-BD89-201875DF3CB5}.Release|Any CPU.ActiveCfg = Release|Any CPU
		{05632213-72D5-4290-BD89-201875DF3CB5}.Release|Any CPU.Build.0 = Release|Any CPU
		{52B8D500-3B56-4E33-8996-31CE577DA8BF}.Debug|Any CPU.ActiveCfg = Debug|Any CPU
		{52B8D500-3B56-4E33-8996-31CE577DA8BF}.Debug|Any CPU.Build.0 = Debug|Any CPU
		{52B8D500-3B56-4E33-8996-31CE577DA8BF}.Release|Any CPU.ActiveCfg = Release|Any CPU
		{52B8D500-3B56-4E33-8996-31CE577DA8BF}.Release|Any CPU.Build.0 = Release|Any CPU
		{90989BBD-2F81-4880-837D-A8576638FD5C}.Debug|Any CPU.ActiveCfg = Debug|Any CPU
		{90989BBD-2F81-4880-837D-A8576638FD5C}.Debug|Any CPU.Build.0 = Debug|Any CPU
		{90989BBD-2F81-4880-837D-A8576638FD5C}.Release|Any CPU.ActiveCfg = Release|Any CPU
		{90989BBD-2F81-4880-837D-A8576638FD5C}.Release|Any CPU.Build.0 = Release|Any CPU
		{0B1EC989-4411-43CA-8917-6B581202D6BA}.Debug|Any CPU.ActiveCfg = Debug|Any CPU
		{0B1EC989-4411-43CA-8917-6B581202D6BA}.Debug|Any CPU.Build.0 = Debug|Any CPU
		{0B1EC989-4411-43CA-8917-6B581202D6BA}.Release|Any CPU.ActiveCfg = Release|Any CPU
		{0B1EC989-4411-43CA-8917-6B581202D6BA}.Release|Any CPU.Build.0 = Release|Any CPU
		{F7710A33-2CF8-4395-9CCB-A53E081BD222}.Debug|Any CPU.ActiveCfg = Debug|Any CPU
		{F7710A33-2CF8-4395-9CCB-A53E081BD222}.Debug|Any CPU.Build.0 = Debug|Any CPU
		{F7710A33-2CF8-4395-9CCB-A53E081BD222}.Release|Any CPU.ActiveCfg = Release|Any CPU
		{F7710A33-2CF8-4395-9CCB-A53E081BD222}.Release|Any CPU.Build.0 = Release|Any CPU
		{33CF2390-B12C-4CAF-8D4D-31E95D36D529}.Debug|Any CPU.ActiveCfg = Debug|Any CPU
		{33CF2390-B12C-4CAF-8D4D-31E95D36D529}.Debug|Any CPU.Build.0 = Debug|Any CPU
		{33CF2390-B12C-4CAF-8D4D-31E95D36D529}.Release|Any CPU.ActiveCfg = Release|Any CPU
		{33CF2390-B12C-4CAF-8D4D-31E95D36D529}.Release|Any CPU.Build.0 = Release|Any CPU
		{B2BF0182-0AF1-45E6-86B4-BC1680193499}.Debug|Any CPU.ActiveCfg = Debug|Any CPU
		{B2BF0182-0AF1-45E6-86B4-BC1680193499}.Debug|Any CPU.Build.0 = Debug|Any CPU
		{B2BF0182-0AF1-45E6-86B4-BC1680193499}.Release|Any CPU.ActiveCfg = Release|Any CPU
		{B2BF0182-0AF1-45E6-86B4-BC1680193499}.Release|Any CPU.Build.0 = Release|Any CPU
		{5262A5D7-E2F5-4C39-9C40-665923C23A29}.Debug|Any CPU.ActiveCfg = Debug|Any CPU
		{5262A5D7-E2F5-4C39-9C40-665923C23A29}.Debug|Any CPU.Build.0 = Debug|Any CPU
		{5262A5D7-E2F5-4C39-9C40-665923C23A29}.Release|Any CPU.ActiveCfg = Release|Any CPU
		{5262A5D7-E2F5-4C39-9C40-665923C23A29}.Release|Any CPU.Build.0 = Release|Any CPU
		{7E4DFFAC-76EE-43BE-A13C-4E08D516B36F}.Debug|Any CPU.ActiveCfg = Debug|Any CPU
		{7E4DFFAC-76EE-43BE-A13C-4E08D516B36F}.Debug|Any CPU.Build.0 = Debug|Any CPU
		{7E4DFFAC-76EE-43BE-A13C-4E08D516B36F}.Release|Any CPU.ActiveCfg = Release|Any CPU
		{7E4DFFAC-76EE-43BE-A13C-4E08D516B36F}.Release|Any CPU.Build.0 = Release|Any CPU
	EndGlobalSection
EndGlobal
